// !$*UTF8*$!
{
	archiveVersion = 1;
	classes = {
	};
	objectVersion = 46;
	objects = {

/* Begin PBXBuildFile section */
		2865F3C71C4AF4890038B6CC /* main.m in Sources */ = {isa = PBXBuildFile; fileRef = 2865F3C61C4AF4890038B6CC /* main.m */; };
		2865F3CA1C4AF4890038B6CC /* AppDelegate.m in Sources */ = {isa = PBXBuildFile; fileRef = 2865F3C91C4AF4890038B6CC /* AppDelegate.m */; };
		2865F3D21C4AF4890038B6CC /* Assets.xcassets in Resources */ = {isa = PBXBuildFile; fileRef = 2865F3D11C4AF4890038B6CC /* Assets.xcassets */; };
		2865F3D51C4AF4890038B6CC /* LaunchScreen.storyboard in Resources */ = {isa = PBXBuildFile; fileRef = 2865F3D31C4AF4890038B6CC /* LaunchScreen.storyboard */; };
		2865F3E01C4AF4890038B6CC /* EverpobreClaseTests.m in Sources */ = {isa = PBXBuildFile; fileRef = 2865F3DF1C4AF4890038B6CC /* EverpobreClaseTests.m */; };
		2865F3F01C4AF8340038B6CC /* AGTCoreDataStack.m in Sources */ = {isa = PBXBuildFile; fileRef = 2865F3EF1C4AF8340038B6CC /* AGTCoreDataStack.m */; };
		2865F3F31C4B07AB0038B6CC /* Everpobre.xcdatamodeld in Sources */ = {isa = PBXBuildFile; fileRef = 2865F3F11C4B07AA0038B6CC /* Everpobre.xcdatamodeld */; };
		2865F4001C4D65490038B6CC /* _RGSNote.m in Sources */ = {isa = PBXBuildFile; fileRef = 2865F3F51C4D65490038B6CC /* _RGSNote.m */; };
		2865F4011C4D65490038B6CC /* _RGSNotebook.m in Sources */ = {isa = PBXBuildFile; fileRef = 2865F3F71C4D65490038B6CC /* _RGSNotebook.m */; };
		2865F4021C4D65490038B6CC /* _RGSPhoto.m in Sources */ = {isa = PBXBuildFile; fileRef = 2865F3F91C4D65490038B6CC /* _RGSPhoto.m */; };
		2865F4031C4D65490038B6CC /* RGSNote.m in Sources */ = {isa = PBXBuildFile; fileRef = 2865F3FB1C4D65490038B6CC /* RGSNote.m */; };
		2865F4041C4D65490038B6CC /* RGSNotebook.m in Sources */ = {isa = PBXBuildFile; fileRef = 2865F3FD1C4D65490038B6CC /* RGSNotebook.m */; };
		2865F4051C4D65490038B6CC /* RGSPhoto.m in Sources */ = {isa = PBXBuildFile; fileRef = 2865F3FF1C4D65490038B6CC /* RGSPhoto.m */; };
		2865F40B1C4DA0400038B6CC /* AGTCoreDataTableViewController.m in Sources */ = {isa = PBXBuildFile; fileRef = 2865F40A1C4DA0400038B6CC /* AGTCoreDataTableViewController.m */; };
		2865F40E1C4DA1680038B6CC /* RGSNotebookViewController.m in Sources */ = {isa = PBXBuildFile; fileRef = 2865F40D1C4DA1680038B6CC /* RGSNotebookViewController.m */; };
		2865F4121C4DAA990038B6CC /* UIViewController+Navigation.m in Sources */ = {isa = PBXBuildFile; fileRef = 2865F4111C4DAA990038B6CC /* UIViewController+Navigation.m */; };
		2865F4161C5187EC0038B6CC /* RGSNotesViewController.m in Sources */ = {isa = PBXBuildFile; fileRef = 2865F4151C5187EC0038B6CC /* RGSNotesViewController.m */; };
		2865F41A1C5195200038B6CC /* RGSNoteViewController.m in Sources */ = {isa = PBXBuildFile; fileRef = 2865F4181C5195200038B6CC /* RGSNoteViewController.m */; };
		2865F41B1C5195200038B6CC /* RGSNoteViewController.xib in Resources */ = {isa = PBXBuildFile; fileRef = 2865F4191C5195200038B6CC /* RGSNoteViewController.xib */; };
		2865F41F1C52CC500038B6CC /* RGSPhotoViewController.m in Sources */ = {isa = PBXBuildFile; fileRef = 2865F41D1C52CC500038B6CC /* RGSPhotoViewController.m */; };
		2865F4201C52CC500038B6CC /* RGSPhotoViewController.xib in Resources */ = {isa = PBXBuildFile; fileRef = 2865F41E1C52CC500038B6CC /* RGSPhotoViewController.xib */; };
/* End PBXBuildFile section */

/* Begin PBXContainerItemProxy section */
		2865F3DC1C4AF4890038B6CC /* PBXContainerItemProxy */ = {
			isa = PBXContainerItemProxy;
			containerPortal = 2865F3BA1C4AF4880038B6CC /* Project object */;
			proxyType = 1;
			remoteGlobalIDString = 2865F3C11C4AF4890038B6CC;
			remoteInfo = EverpobreClase;
		};
/* End PBXContainerItemProxy section */

/* Begin PBXFileReference section */
		2865F3C21C4AF4890038B6CC /* EverpobreClase.app */ = {isa = PBXFileReference; explicitFileType = wrapper.application; includeInIndex = 0; path = EverpobreClase.app; sourceTree = BUILT_PRODUCTS_DIR; };
		2865F3C61C4AF4890038B6CC /* main.m */ = {isa = PBXFileReference; lastKnownFileType = sourcecode.c.objc; path = main.m; sourceTree = "<group>"; };
		2865F3C81C4AF4890038B6CC /* AppDelegate.h */ = {isa = PBXFileReference; lastKnownFileType = sourcecode.c.h; path = AppDelegate.h; sourceTree = "<group>"; };
		2865F3C91C4AF4890038B6CC /* AppDelegate.m */ = {isa = PBXFileReference; lastKnownFileType = sourcecode.c.objc; path = AppDelegate.m; sourceTree = "<group>"; };
		2865F3D11C4AF4890038B6CC /* Assets.xcassets */ = {isa = PBXFileReference; lastKnownFileType = folder.assetcatalog; path = Assets.xcassets; sourceTree = "<group>"; };
		2865F3D41C4AF4890038B6CC /* Base */ = {isa = PBXFileReference; lastKnownFileType = file.storyboard; name = Base; path = Base.lproj/LaunchScreen.storyboard; sourceTree = "<group>"; };
		2865F3D61C4AF4890038B6CC /* Info.plist */ = {isa = PBXFileReference; lastKnownFileType = text.plist.xml; path = Info.plist; sourceTree = "<group>"; };
		2865F3DB1C4AF4890038B6CC /* EverpobreClaseTests.xctest */ = {isa = PBXFileReference; explicitFileType = wrapper.cfbundle; includeInIndex = 0; path = EverpobreClaseTests.xctest; sourceTree = BUILT_PRODUCTS_DIR; };
		2865F3DF1C4AF4890038B6CC /* EverpobreClaseTests.m */ = {isa = PBXFileReference; lastKnownFileType = sourcecode.c.objc; path = EverpobreClaseTests.m; sourceTree = "<group>"; };
		2865F3E11C4AF4890038B6CC /* Info.plist */ = {isa = PBXFileReference; lastKnownFileType = text.plist.xml; path = Info.plist; sourceTree = "<group>"; };
		2865F3EE1C4AF8340038B6CC /* AGTCoreDataStack.h */ = {isa = PBXFileReference; fileEncoding = 4; lastKnownFileType = sourcecode.c.h; path = AGTCoreDataStack.h; sourceTree = "<group>"; };
		2865F3EF1C4AF8340038B6CC /* AGTCoreDataStack.m */ = {isa = PBXFileReference; fileEncoding = 4; lastKnownFileType = sourcecode.c.objc; path = AGTCoreDataStack.m; sourceTree = "<group>"; };
		2865F3F21C4B07AB0038B6CC /* Everpobre.xcdatamodel */ = {isa = PBXFileReference; lastKnownFileType = wrapper.xcdatamodel; path = Everpobre.xcdatamodel; sourceTree = "<group>"; };
		2865F3F41C4D65490038B6CC /* _RGSNote.h */ = {isa = PBXFileReference; fileEncoding = 4; lastKnownFileType = sourcecode.c.h; path = _RGSNote.h; sourceTree = "<group>"; };
		2865F3F51C4D65490038B6CC /* _RGSNote.m */ = {isa = PBXFileReference; fileEncoding = 4; lastKnownFileType = sourcecode.c.objc; path = _RGSNote.m; sourceTree = "<group>"; };
		2865F3F61C4D65490038B6CC /* _RGSNotebook.h */ = {isa = PBXFileReference; fileEncoding = 4; lastKnownFileType = sourcecode.c.h; path = _RGSNotebook.h; sourceTree = "<group>"; };
		2865F3F71C4D65490038B6CC /* _RGSNotebook.m */ = {isa = PBXFileReference; fileEncoding = 4; lastKnownFileType = sourcecode.c.objc; path = _RGSNotebook.m; sourceTree = "<group>"; };
		2865F3F81C4D65490038B6CC /* _RGSPhoto.h */ = {isa = PBXFileReference; fileEncoding = 4; lastKnownFileType = sourcecode.c.h; path = _RGSPhoto.h; sourceTree = "<group>"; };
		2865F3F91C4D65490038B6CC /* _RGSPhoto.m */ = {isa = PBXFileReference; fileEncoding = 4; lastKnownFileType = sourcecode.c.objc; path = _RGSPhoto.m; sourceTree = "<group>"; };
		2865F3FA1C4D65490038B6CC /* RGSNote.h */ = {isa = PBXFileReference; fileEncoding = 4; lastKnownFileType = sourcecode.c.h; path = RGSNote.h; sourceTree = "<group>"; };
		2865F3FB1C4D65490038B6CC /* RGSNote.m */ = {isa = PBXFileReference; fileEncoding = 4; lastKnownFileType = sourcecode.c.objc; path = RGSNote.m; sourceTree = "<group>"; };
		2865F3FC1C4D65490038B6CC /* RGSNotebook.h */ = {isa = PBXFileReference; fileEncoding = 4; lastKnownFileType = sourcecode.c.h; path = RGSNotebook.h; sourceTree = "<group>"; };
		2865F3FD1C4D65490038B6CC /* RGSNotebook.m */ = {isa = PBXFileReference; fileEncoding = 4; lastKnownFileType = sourcecode.c.objc; path = RGSNotebook.m; sourceTree = "<group>"; };
		2865F3FE1C4D65490038B6CC /* RGSPhoto.h */ = {isa = PBXFileReference; fileEncoding = 4; lastKnownFileType = sourcecode.c.h; path = RGSPhoto.h; sourceTree = "<group>"; };
		2865F3FF1C4D65490038B6CC /* RGSPhoto.m */ = {isa = PBXFileReference; fileEncoding = 4; lastKnownFileType = sourcecode.c.objc; path = RGSPhoto.m; sourceTree = "<group>"; };
		2865F4091C4DA0400038B6CC /* AGTCoreDataTableViewController.h */ = {isa = PBXFileReference; fileEncoding = 4; lastKnownFileType = sourcecode.c.h; path = AGTCoreDataTableViewController.h; sourceTree = "<group>"; };
		2865F40A1C4DA0400038B6CC /* AGTCoreDataTableViewController.m */ = {isa = PBXFileReference; fileEncoding = 4; lastKnownFileType = sourcecode.c.objc; path = AGTCoreDataTableViewController.m; sourceTree = "<group>"; };
		2865F40C1C4DA1680038B6CC /* RGSNotebookViewController.h */ = {isa = PBXFileReference; fileEncoding = 4; lastKnownFileType = sourcecode.c.h; path = RGSNotebookViewController.h; sourceTree = "<group>"; };
		2865F40D1C4DA1680038B6CC /* RGSNotebookViewController.m */ = {isa = PBXFileReference; fileEncoding = 4; lastKnownFileType = sourcecode.c.objc; path = RGSNotebookViewController.m; sourceTree = "<group>"; };
		2865F4101C4DAA990038B6CC /* UIViewController+Navigation.h */ = {isa = PBXFileReference; fileEncoding = 4; lastKnownFileType = sourcecode.c.h; path = "UIViewController+Navigation.h"; sourceTree = "<group>"; };
		2865F4111C4DAA990038B6CC /* UIViewController+Navigation.m */ = {isa = PBXFileReference; fileEncoding = 4; lastKnownFileType = sourcecode.c.objc; path = "UIViewController+Navigation.m"; sourceTree = "<group>"; };
		2865F4131C5178DF0038B6CC /* Settings.h */ = {isa = PBXFileReference; lastKnownFileType = sourcecode.c.h; path = Settings.h; sourceTree = "<group>"; };
		2865F4141C5187EC0038B6CC /* RGSNotesViewController.h */ = {isa = PBXFileReference; fileEncoding = 4; lastKnownFileType = sourcecode.c.h; path = RGSNotesViewController.h; sourceTree = "<group>"; };
		2865F4151C5187EC0038B6CC /* RGSNotesViewController.m */ = {isa = PBXFileReference; fileEncoding = 4; lastKnownFileType = sourcecode.c.objc; path = RGSNotesViewController.m; sourceTree = "<group>"; };
		2865F4171C5195200038B6CC /* RGSNoteViewController.h */ = {isa = PBXFileReference; fileEncoding = 4; lastKnownFileType = sourcecode.c.h; path = RGSNoteViewController.h; sourceTree = "<group>"; };
		2865F4181C5195200038B6CC /* RGSNoteViewController.m */ = {isa = PBXFileReference; fileEncoding = 4; lastKnownFileType = sourcecode.c.objc; path = RGSNoteViewController.m; sourceTree = "<group>"; };
		2865F4191C5195200038B6CC /* RGSNoteViewController.xib */ = {isa = PBXFileReference; fileEncoding = 4; lastKnownFileType = file.xib; path = RGSNoteViewController.xib; sourceTree = "<group>"; };
		2865F41C1C52CC500038B6CC /* RGSPhotoViewController.h */ = {isa = PBXFileReference; fileEncoding = 4; lastKnownFileType = sourcecode.c.h; path = RGSPhotoViewController.h; sourceTree = "<group>"; };
		2865F41D1C52CC500038B6CC /* RGSPhotoViewController.m */ = {isa = PBXFileReference; fileEncoding = 4; lastKnownFileType = sourcecode.c.objc; path = RGSPhotoViewController.m; sourceTree = "<group>"; };
		2865F41E1C52CC500038B6CC /* RGSPhotoViewController.xib */ = {isa = PBXFileReference; fileEncoding = 4; lastKnownFileType = file.xib; path = RGSPhotoViewController.xib; sourceTree = "<group>"; };
/* End PBXFileReference section */

/* Begin PBXFrameworksBuildPhase section */
		2865F3BF1C4AF4890038B6CC /* Frameworks */ = {
			isa = PBXFrameworksBuildPhase;
			buildActionMask = 2147483647;
			files = (
			);
			runOnlyForDeploymentPostprocessing = 0;
		};
		2865F3D81C4AF4890038B6CC /* Frameworks */ = {
			isa = PBXFrameworksBuildPhase;
			buildActionMask = 2147483647;
			files = (
			);
			runOnlyForDeploymentPostprocessing = 0;
		};
/* End PBXFrameworksBuildPhase section */

/* Begin PBXGroup section */
		2865F3B91C4AF4880038B6CC = {
			isa = PBXGroup;
			children = (
				2865F3C41C4AF4890038B6CC /* EverpobreClase */,
				2865F3DE1C4AF4890038B6CC /* EverpobreClaseTests */,
				2865F3C31C4AF4890038B6CC /* Products */,
			);
			sourceTree = "<group>";
		};
		2865F3C31C4AF4890038B6CC /* Products */ = {
			isa = PBXGroup;
			children = (
				2865F3C21C4AF4890038B6CC /* EverpobreClase.app */,
				2865F3DB1C4AF4890038B6CC /* EverpobreClaseTests.xctest */,
			);
			name = Products;
			sourceTree = "<group>";
		};
		2865F3C41C4AF4890038B6CC /* EverpobreClase */ = {
			isa = PBXGroup;
			children = (
				2865F40F1C4DAA580038B6CC /* Categories */,
				2865F4081C4DA0360038B6CC /* Controller */,
				2865F3ED1C4AF4F30038B6CC /* Modelos */,
				2865F3C81C4AF4890038B6CC /* AppDelegate.h */,
				2865F3C91C4AF4890038B6CC /* AppDelegate.m */,
				2865F3D11C4AF4890038B6CC /* Assets.xcassets */,
				2865F3D31C4AF4890038B6CC /* LaunchScreen.storyboard */,
				2865F3D61C4AF4890038B6CC /* Info.plist */,
				2865F3C51C4AF4890038B6CC /* Supporting Files */,
				2865F4131C5178DF0038B6CC /* Settings.h */,
			);
			path = EverpobreClase;
			sourceTree = "<group>";
		};
		2865F3C51C4AF4890038B6CC /* Supporting Files */ = {
			isa = PBXGroup;
			children = (
				2865F3C61C4AF4890038B6CC /* main.m */,
			);
			name = "Supporting Files";
			sourceTree = "<group>";
		};
		2865F3DE1C4AF4890038B6CC /* EverpobreClaseTests */ = {
			isa = PBXGroup;
			children = (
				2865F3DF1C4AF4890038B6CC /* EverpobreClaseTests.m */,
				2865F3E11C4AF4890038B6CC /* Info.plist */,
			);
			path = EverpobreClaseTests;
			sourceTree = "<group>";
		};
		2865F3ED1C4AF4F30038B6CC /* Modelos */ = {
			isa = PBXGroup;
			children = (
				2865F4071C4D667E0038B6CC /* Human */,
				2865F4061C4D65550038B6CC /* Machine */,
				2865F3EE1C4AF8340038B6CC /* AGTCoreDataStack.h */,
				2865F3EF1C4AF8340038B6CC /* AGTCoreDataStack.m */,
				2865F3F11C4B07AA0038B6CC /* Everpobre.xcdatamodeld */,
			);
			name = Modelos;
			sourceTree = "<group>";
		};
		2865F4061C4D65550038B6CC /* Machine */ = {
			isa = PBXGroup;
			children = (
				2865F3F41C4D65490038B6CC /* _RGSNote.h */,
				2865F3F51C4D65490038B6CC /* _RGSNote.m */,
				2865F3F61C4D65490038B6CC /* _RGSNotebook.h */,
				2865F3F71C4D65490038B6CC /* _RGSNotebook.m */,
				2865F3F81C4D65490038B6CC /* _RGSPhoto.h */,
				2865F3F91C4D65490038B6CC /* _RGSPhoto.m */,
			);
			name = Machine;
			sourceTree = "<group>";
		};
		2865F4071C4D667E0038B6CC /* Human */ = {
			isa = PBXGroup;
			children = (
				2865F3FA1C4D65490038B6CC /* RGSNote.h */,
				2865F3FB1C4D65490038B6CC /* RGSNote.m */,
				2865F3FC1C4D65490038B6CC /* RGSNotebook.h */,
				2865F3FD1C4D65490038B6CC /* RGSNotebook.m */,
				2865F3FE1C4D65490038B6CC /* RGSPhoto.h */,
				2865F3FF1C4D65490038B6CC /* RGSPhoto.m */,
			);
			name = Human;
			sourceTree = "<group>";
		};
		2865F4081C4DA0360038B6CC /* Controller */ = {
			isa = PBXGroup;
			children = (
				2865F4091C4DA0400038B6CC /* AGTCoreDataTableViewController.h */,
				2865F40A1C4DA0400038B6CC /* AGTCoreDataTableViewController.m */,
				2865F40C1C4DA1680038B6CC /* RGSNotebookViewController.h */,
				2865F40D1C4DA1680038B6CC /* RGSNotebookViewController.m */,
				2865F4141C5187EC0038B6CC /* RGSNotesViewController.h */,
				2865F4151C5187EC0038B6CC /* RGSNotesViewController.m */,
				2865F4171C5195200038B6CC /* RGSNoteViewController.h */,
				2865F4181C5195200038B6CC /* RGSNoteViewController.m */,
				2865F4191C5195200038B6CC /* RGSNoteViewController.xib */,
				2865F41C1C52CC500038B6CC /* RGSPhotoViewController.h */,
				2865F41D1C52CC500038B6CC /* RGSPhotoViewController.m */,
				2865F41E1C52CC500038B6CC /* RGSPhotoViewController.xib */,
			);
			name = Controller;
			sourceTree = "<group>";
		};
		2865F40F1C4DAA580038B6CC /* Categories */ = {
			isa = PBXGroup;
			children = (
				2865F4101C4DAA990038B6CC /* UIViewController+Navigation.h */,
				2865F4111C4DAA990038B6CC /* UIViewController+Navigation.m */,
			);
			name = Categories;
			sourceTree = "<group>";
		};
/* End PBXGroup section */

/* Begin PBXNativeTarget section */
		2865F3C11C4AF4890038B6CC /* EverpobreClase */ = {
			isa = PBXNativeTarget;
			buildConfigurationList = 2865F3E41C4AF4890038B6CC /* Build configuration list for PBXNativeTarget "EverpobreClase" */;
			buildPhases = (
				2865F3BE1C4AF4890038B6CC /* Sources */,
				2865F3BF1C4AF4890038B6CC /* Frameworks */,
				2865F3C01C4AF4890038B6CC /* Resources */,
			);
			buildRules = (
			);
			dependencies = (
			);
			name = EverpobreClase;
			productName = EverpobreClase;
			productReference = 2865F3C21C4AF4890038B6CC /* EverpobreClase.app */;
			productType = "com.apple.product-type.application";
		};
		2865F3DA1C4AF4890038B6CC /* EverpobreClaseTests */ = {
			isa = PBXNativeTarget;
			buildConfigurationList = 2865F3E71C4AF4890038B6CC /* Build configuration list for PBXNativeTarget "EverpobreClaseTests" */;
			buildPhases = (
				2865F3D71C4AF4890038B6CC /* Sources */,
				2865F3D81C4AF4890038B6CC /* Frameworks */,
				2865F3D91C4AF4890038B6CC /* Resources */,
			);
			buildRules = (
			);
			dependencies = (
				2865F3DD1C4AF4890038B6CC /* PBXTargetDependency */,
			);
			name = EverpobreClaseTests;
			productName = EverpobreClaseTests;
			productReference = 2865F3DB1C4AF4890038B6CC /* EverpobreClaseTests.xctest */;
			productType = "com.apple.product-type.bundle.unit-test";
		};
/* End PBXNativeTarget section */

/* Begin PBXProject section */
		2865F3BA1C4AF4880038B6CC /* Project object */ = {
			isa = PBXProject;
			attributes = {
				LastUpgradeCheck = 0720;
				ORGANIZATIONNAME = "Ramiro García Salazar";
				TargetAttributes = {
					2865F3C11C4AF4890038B6CC = {
						CreatedOnToolsVersion = 7.2;
						DevelopmentTeam = 853FZZ3FC7;
					};
					2865F3DA1C4AF4890038B6CC = {
						CreatedOnToolsVersion = 7.2;
						DevelopmentTeam = 853FZZ3FC7;
						TestTargetID = 2865F3C11C4AF4890038B6CC;
					};
				};
			};
			buildConfigurationList = 2865F3BD1C4AF4880038B6CC /* Build configuration list for PBXProject "EverpobreClase" */;
			compatibilityVersion = "Xcode 3.2";
			developmentRegion = English;
			hasScannedForEncodings = 0;
			knownRegions = (
				en,
				Base,
			);
			mainGroup = 2865F3B91C4AF4880038B6CC;
			productRefGroup = 2865F3C31C4AF4890038B6CC /* Products */;
			projectDirPath = "";
			projectRoot = "";
			targets = (
				2865F3C11C4AF4890038B6CC /* EverpobreClase */,
				2865F3DA1C4AF4890038B6CC /* EverpobreClaseTests */,
			);
		};
/* End PBXProject section */

/* Begin PBXResourcesBuildPhase section */
		2865F3C01C4AF4890038B6CC /* Resources */ = {
			isa = PBXResourcesBuildPhase;
			buildActionMask = 2147483647;
			files = (
				2865F4201C52CC500038B6CC /* RGSPhotoViewController.xib in Resources */,
				2865F3D51C4AF4890038B6CC /* LaunchScreen.storyboard in Resources */,
				2865F41B1C5195200038B6CC /* RGSNoteViewController.xib in Resources */,
				2865F3D21C4AF4890038B6CC /* Assets.xcassets in Resources */,
			);
			runOnlyForDeploymentPostprocessing = 0;
		};
		2865F3D91C4AF4890038B6CC /* Resources */ = {
			isa = PBXResourcesBuildPhase;
			buildActionMask = 2147483647;
			files = (
			);
			runOnlyForDeploymentPostprocessing = 0;
		};
/* End PBXResourcesBuildPhase section */

/* Begin PBXSourcesBuildPhase section */
		2865F3BE1C4AF4890038B6CC /* Sources */ = {
			isa = PBXSourcesBuildPhase;
			buildActionMask = 2147483647;
			files = (
				2865F4051C4D65490038B6CC /* RGSPhoto.m in Sources */,
				2865F4121C4DAA990038B6CC /* UIViewController+Navigation.m in Sources */,
				2865F40B1C4DA0400038B6CC /* AGTCoreDataTableViewController.m in Sources */,
				2865F4161C5187EC0038B6CC /* RGSNotesViewController.m in Sources */,
				2865F4041C4D65490038B6CC /* RGSNotebook.m in Sources */,
				2865F40E1C4DA1680038B6CC /* RGSNotebookViewController.m in Sources */,
				2865F41A1C5195200038B6CC /* RGSNoteViewController.m in Sources */,
				2865F3CA1C4AF4890038B6CC /* AppDelegate.m in Sources */,
				2865F41F1C52CC500038B6CC /* RGSPhotoViewController.m in Sources */,
				2865F4001C4D65490038B6CC /* _RGSNote.m in Sources */,
				2865F4021C4D65490038B6CC /* _RGSPhoto.m in Sources */,
				2865F3F31C4B07AB0038B6CC /* Everpobre.xcdatamodeld in Sources */,
				2865F4011C4D65490038B6CC /* _RGSNotebook.m in Sources */,
				2865F4031C4D65490038B6CC /* RGSNote.m in Sources */,
				2865F3F01C4AF8340038B6CC /* AGTCoreDataStack.m in Sources */,
				2865F3C71C4AF4890038B6CC /* main.m in Sources */,
			);
			runOnlyForDeploymentPostprocessing = 0;
		};
		2865F3D71C4AF4890038B6CC /* Sources */ = {
			isa = PBXSourcesBuildPhase;
			buildActionMask = 2147483647;
			files = (
				2865F3E01C4AF4890038B6CC /* EverpobreClaseTests.m in Sources */,
			);
			runOnlyForDeploymentPostprocessing = 0;
		};
/* End PBXSourcesBuildPhase section */

/* Begin PBXTargetDependency section */
		2865F3DD1C4AF4890038B6CC /* PBXTargetDependency */ = {
			isa = PBXTargetDependency;
			target = 2865F3C11C4AF4890038B6CC /* EverpobreClase */;
			targetProxy = 2865F3DC1C4AF4890038B6CC /* PBXContainerItemProxy */;
		};
/* End PBXTargetDependency section */

/* Begin PBXVariantGroup section */
		2865F3D31C4AF4890038B6CC /* LaunchScreen.storyboard */ = {
			isa = PBXVariantGroup;
			children = (
				2865F3D41C4AF4890038B6CC /* Base */,
			);
			name = LaunchScreen.storyboard;
			sourceTree = "<group>";
		};
/* End PBXVariantGroup section */

/* Begin XCBuildConfiguration section */
		2865F3E21C4AF4890038B6CC /* Debug */ = {
			isa = XCBuildConfiguration;
			buildSettings = {
				ALWAYS_SEARCH_USER_PATHS = NO;
				CLANG_CXX_LANGUAGE_STANDARD = "gnu++0x";
				CLANG_CXX_LIBRARY = "libc++";
				CLANG_ENABLE_MODULES = YES;
				CLANG_ENABLE_OBJC_ARC = YES;
				CLANG_WARN_BOOL_CONVERSION = YES;
				CLANG_WARN_CONSTANT_CONVERSION = YES;
				CLANG_WARN_DIRECT_OBJC_ISA_USAGE = YES_ERROR;
				CLANG_WARN_EMPTY_BODY = YES;
				CLANG_WARN_ENUM_CONVERSION = YES;
				CLANG_WARN_INT_CONVERSION = YES;
				CLANG_WARN_OBJC_ROOT_CLASS = YES_ERROR;
				CLANG_WARN_UNREACHABLE_CODE = YES;
				CLANG_WARN__DUPLICATE_METHOD_MATCH = YES;
				"CODE_SIGN_IDENTITY[sdk=iphoneos*]" = "iPhone Developer";
				COPY_PHASE_STRIP = NO;
				DEBUG_INFORMATION_FORMAT = dwarf;
				ENABLE_STRICT_OBJC_MSGSEND = YES;
				ENABLE_TESTABILITY = YES;
				GCC_C_LANGUAGE_STANDARD = gnu99;
				GCC_DYNAMIC_NO_PIC = NO;
				GCC_NO_COMMON_BLOCKS = YES;
				GCC_OPTIMIZATION_LEVEL = 0;
				GCC_PREPROCESSOR_DEFINITIONS = (
					"DEBUG=1",
					"$(inherited)",
				);
				GCC_WARN_64_TO_32_BIT_CONVERSION = YES;
				GCC_WARN_ABOUT_RETURN_TYPE = YES_ERROR;
				GCC_WARN_UNDECLARED_SELECTOR = YES;
				GCC_WARN_UNINITIALIZED_AUTOS = YES_AGGRESSIVE;
				GCC_WARN_UNUSED_FUNCTION = YES;
				GCC_WARN_UNUSED_VARIABLE = YES;
				IPHONEOS_DEPLOYMENT_TARGET = 9.2;
				MTL_ENABLE_DEBUG_INFO = YES;
				ONLY_ACTIVE_ARCH = YES;
				SDKROOT = iphoneos9.2;
			};
			name = Debug;
		};
		2865F3E31C4AF4890038B6CC /* Release */ = {
			isa = XCBuildConfiguration;
			buildSettings = {
				ALWAYS_SEARCH_USER_PATHS = NO;
				CLANG_CXX_LANGUAGE_STANDARD = "gnu++0x";
				CLANG_CXX_LIBRARY = "libc++";
				CLANG_ENABLE_MODULES = YES;
				CLANG_ENABLE_OBJC_ARC = YES;
				CLANG_WARN_BOOL_CONVERSION = YES;
				CLANG_WARN_CONSTANT_CONVERSION = YES;
				CLANG_WARN_DIRECT_OBJC_ISA_USAGE = YES_ERROR;
				CLANG_WARN_EMPTY_BODY = YES;
				CLANG_WARN_ENUM_CONVERSION = YES;
				CLANG_WARN_INT_CONVERSION = YES;
				CLANG_WARN_OBJC_ROOT_CLASS = YES_ERROR;
				CLANG_WARN_UNREACHABLE_CODE = YES;
				CLANG_WARN__DUPLICATE_METHOD_MATCH = YES;
				"CODE_SIGN_IDENTITY[sdk=iphoneos*]" = "iPhone Developer";
				COPY_PHASE_STRIP = NO;
				DEBUG_INFORMATION_FORMAT = "dwarf-with-dsym";
				ENABLE_NS_ASSERTIONS = NO;
				ENABLE_STRICT_OBJC_MSGSEND = YES;
				GCC_C_LANGUAGE_STANDARD = gnu99;
				GCC_NO_COMMON_BLOCKS = YES;
				GCC_WARN_64_TO_32_BIT_CONVERSION = YES;
				GCC_WARN_ABOUT_RETURN_TYPE = YES_ERROR;
				GCC_WARN_UNDECLARED_SELECTOR = YES;
				GCC_WARN_UNINITIALIZED_AUTOS = YES_AGGRESSIVE;
				GCC_WARN_UNUSED_FUNCTION = YES;
				GCC_WARN_UNUSED_VARIABLE = YES;
				IPHONEOS_DEPLOYMENT_TARGET = 9.2;
				MTL_ENABLE_DEBUG_INFO = NO;
				SDKROOT = iphoneos9.2;
				VALIDATE_PRODUCT = YES;
			};
			name = Release;
		};
		2865F3E51C4AF4890038B6CC /* Debug */ = {
			isa = XCBuildConfiguration;
			buildSettings = {
				ASSETCATALOG_COMPILER_APPICON_NAME = AppIcon;
				INFOPLIST_FILE = EverpobreClase/Info.plist;
				IPHONEOS_DEPLOYMENT_TARGET = 9.1;
				LD_RUNPATH_SEARCH_PATHS = "$(inherited) @executable_path/Frameworks";
				PRODUCT_BUNDLE_IDENTIFIER = io.KeepCoding.rgs.EverpobreClase;
				PRODUCT_NAME = "$(TARGET_NAME)";
				TARGETED_DEVICE_FAMILY = 1;
			};
			name = Debug;
		};
		2865F3E61C4AF4890038B6CC /* Release */ = {
			isa = XCBuildConfiguration;
			buildSettings = {
				ASSETCATALOG_COMPILER_APPICON_NAME = AppIcon;
				INFOPLIST_FILE = EverpobreClase/Info.plist;
				IPHONEOS_DEPLOYMENT_TARGET = 9.1;
				LD_RUNPATH_SEARCH_PATHS = "$(inherited) @executable_path/Frameworks";
				PRODUCT_BUNDLE_IDENTIFIER = io.KeepCoding.rgs.EverpobreClase;
				PRODUCT_NAME = "$(TARGET_NAME)";
				TARGETED_DEVICE_FAMILY = 1;
			};
			name = Release;
		};
		2865F3E81C4AF4890038B6CC /* Debug */ = {
			isa = XCBuildConfiguration;
			buildSettings = {
				BUNDLE_LOADER = "$(TEST_HOST)";
				INFOPLIST_FILE = EverpobreClaseTests/Info.plist;
				LD_RUNPATH_SEARCH_PATHS = "$(inherited) @executable_path/Frameworks @loader_path/Frameworks";
				PRODUCT_BUNDLE_IDENTIFIER = io.KeepCoding.rgs.EverpobreClaseTests;
				PRODUCT_NAME = "$(TARGET_NAME)";
				TEST_HOST = "$(BUILT_PRODUCTS_DIR)/EverpobreClase.app/EverpobreClase";
			};
			name = Debug;
		};
		2865F3E91C4AF4890038B6CC /* Release */ = {
			isa = XCBuildConfiguration;
			buildSettings = {
				BUNDLE_LOADER = "$(TEST_HOST)";
				INFOPLIST_FILE = EverpobreClaseTests/Info.plist;
				LD_RUNPATH_SEARCH_PATHS = "$(inherited) @executable_path/Frameworks @loader_path/Frameworks";
				PRODUCT_BUNDLE_IDENTIFIER = io.KeepCoding.rgs.EverpobreClaseTests;
				PRODUCT_NAME = "$(TARGET_NAME)";
				TEST_HOST = "$(BUILT_PRODUCTS_DIR)/EverpobreClase.app/EverpobreClase";
			};
			name = Release;
		};
/* End XCBuildConfiguration section */

/* Begin XCConfigurationList section */
		2865F3BD1C4AF4880038B6CC /* Build configuration list for PBXProject "EverpobreClase" */ = {
			isa = XCConfigurationList;
			buildConfigurations = (
				2865F3E21C4AF4890038B6CC /* Debug */,
				2865F3E31C4AF4890038B6CC /* Release */,
			);
			defaultConfigurationIsVisible = 0;
			defaultConfigurationName = Release;
		};
		2865F3E41C4AF4890038B6CC /* Build configuration list for PBXNativeTarget "EverpobreClase" */ = {
			isa = XCConfigurationList;
			buildConfigurations = (
				2865F3E51C4AF4890038B6CC /* Debug */,
				2865F3E61C4AF4890038B6CC /* Release */,
			);
			defaultConfigurationIsVisible = 0;
			defaultConfigurationName = Release;
		};
		2865F3E71C4AF4890038B6CC /* Build configuration list for PBXNativeTarget "EverpobreClaseTests" */ = {
			isa = XCConfigurationList;
			buildConfigurations = (
				2865F3E81C4AF4890038B6CC /* Debug */,
				2865F3E91C4AF4890038B6CC /* Release */,
			);
			defaultConfigurationIsVisible = 0;
			defaultConfigurationName = Release;
		};
/* End XCConfigurationList section */

/* Begin XCVersionGroup section */
		2865F3F11C4B07AA0038B6CC /* Everpobre.xcdatamodeld */ = {
			isa = XCVersionGroup;
			children = (
				2865F3F21C4B07AB0038B6CC /* Everpobre.xcdatamodel */,
			);
			currentVersion = 2865F3F21C4B07AB0038B6CC /* Everpobre.xcdatamodel */;
			path = Everpobre.xcdatamodeld;
			sourceTree = "<group>";
			versionGroupType = wrapper.xcdatamodel;
		};
/* End XCVersionGroup section */
	};
	rootObject = 2865F3BA1C4AF4880038B6CC /* Project object */;
}
